
Microsoft Visual Studio Solution File, Format Version 12.00
# Visual Studio 15
VisualStudioVersion = 15.0.28307.960
MinimumVisualStudioVersion = 10.0.40219.1
Project("{FAE04EC0-301F-11D3-BF4B-00C04F79EFBC}") = "ColorsWithIndexer", "ColorsWithIndexer\ColorsWithIndexer.csproj", "{BECE097A-D651-4497-A93F-B31E5C6CA049}"
EndProject
Global
	GlobalSection(SolutionConfigurationPlatforms) = preSolution
		Debug|Any CPU = Debug|Any CPU
		Release|Any CPU = Release|Any CPU
	EndGlobalSection
	GlobalSection(ProjectConfigurationPlatforms) = postSolution
		{BECE097A-D651-4497-A93F-B31E5C6CA049}.Debug|Any CPU.ActiveCfg = Debug|Any CPU
		{BECE097A-D651-4497-A93F-B31E5C6CA049}.Debug|Any CPU.Build.0 = Debug|Any CPU
		{BECE097A-D651-4497-A93F-B31E5C6CA049}.Release|Any CPU.ActiveCfg = Release|Any CPU
		{BECE097A-D651-4497-A93F-B31E5C6CA049}.Release|Any CPU.Build.0 = Release|Any CPU
	EndGlobalSection
	GlobalSection(SolutionProperties) = preSolution
		HideSolutionNode = FALSE
	EndGlobalSection
	GlobalSection(ExtensibilityGlobals) = postSolution
		SolutionGuid = {7C5C8F75-D07F-4B59-81DE-C6FDE2598344}
	EndGlobalSection
EndGlobal
